// !$*UTF8*$!
{
	archiveVersion = 1;
	classes = {
	};
	objectVersion = 46;
	objects = {

/* Begin PBXBuildFile section */
		AF1302969C389C0E575E8EA4 /* ADRNetworkResource.m in Sources */ = {isa = PBXBuildFile; fileRef = AF130DACECB0109566874518 /* ADRNetworkResource.m */; };
		AF1302A4478C78325E7E1BCB /* LaunchScreen.storyboard in Resources */ = {isa = PBXBuildFile; fileRef = AF13092CFD8EDBE7E9420A36 /* LaunchScreen.storyboard */; };
		AF1302AE3D03E46EB38022B7 /* ADRMockNetworkClient.m in Sources */ = {isa = PBXBuildFile; fileRef = AF130BBB982BA011D6DF787E /* ADRMockNetworkClient.m */; };
		AF130322BDE475038DEA2E87 /* ADRSearchResultsViewController.m in Sources */ = {isa = PBXBuildFile; fileRef = AF1304BA86E2E5F9DD759D62 /* ADRSearchResultsViewController.m */; };
		AF13037D48B658B95917F355 /* ADRFlickrSearchPhotoStorage.m in Sources */ = {isa = PBXBuildFile; fileRef = AF1302FCED23CBA6918562DA /* ADRFlickrSearchPhotoStorage.m */; };
		AF130383D597E9F850C4E4C4 /* ADRFlickrSearchLoadingCellViewModel.m in Sources */ = {isa = PBXBuildFile; fileRef = AF1300A84EB558B2FBD4999E /* ADRFlickrSearchLoadingCellViewModel.m */; };
		AF13039232A33513F7E269AA /* ADRNetworkService.m in Sources */ = {isa = PBXBuildFile; fileRef = AF1303B24AE77D0EB5AB4DD7 /* ADRNetworkService.m */; };
		AF13041856FE9C14C73FA2F2 /* ADRFlickrSearchViewModel.m in Sources */ = {isa = PBXBuildFile; fileRef = AF13011B757973D1361C457A /* ADRFlickrSearchViewModel.m */; };
		AF130479446D2010C414DCED /* ADRFlickrSearchHistoryViewModel.m in Sources */ = {isa = PBXBuildFile; fileRef = AF13063B3EA34F94766DD25E /* ADRFlickrSearchHistoryViewModel.m */; };
		AF13054928BE530A8A51C08E /* ADRFlickrNetworkService.m in Sources */ = {isa = PBXBuildFile; fileRef = AF1303DC2DF852D5F71ADF74 /* ADRFlickrNetworkService.m */; };
		AF13068A46AAEE8E23F617AA /* ADRFlickrPhoto.m in Sources */ = {isa = PBXBuildFile; fileRef = AF130E04175134524936B318 /* ADRFlickrPhoto.m */; };
		AF1306BF4996845315F998F9 /* Info.plist in Resources */ = {isa = PBXBuildFile; fileRef = AF1304F33EC09D8A4D99062D /* Info.plist */; };
		AF1306C5F5B5A82C424F142A /* ADRSearchViewController.m in Sources */ = {isa = PBXBuildFile; fileRef = AF13038FA348D4DB1DFDA8A1 /* ADRSearchViewController.m */; };
		AF130773B88B07A68E649C90 /* ADRFlickrSearchImageCellViewModel.m in Sources */ = {isa = PBXBuildFile; fileRef = AF13016F0879E40433BB6D4A /* ADRFlickrSearchImageCellViewModel.m */; };
		AF1308504427103E7409B162 /* ADRSearchHistoryViewController.m in Sources */ = {isa = PBXBuildFile; fileRef = AF130DD98E46FF3079339D4E /* ADRSearchHistoryViewController.m */; };
		AF1308B9A46729EE1C68EE95 /* Info.plist in Resources */ = {isa = PBXBuildFile; fileRef = AF1307BDE1EE2DB8F6B81288 /* Info.plist */; };
		AF130921069C6E9400F878B8 /* FlickrSearchTests.m in Sources */ = {isa = PBXBuildFile; fileRef = AF130B2FC9F744B766E02751 /* FlickrSearchTests.m */; };
		AF1309FE08F8DBA7F0FD51E4 /* ADRFlickrSearchResultsViewModel.m in Sources */ = {isa = PBXBuildFile; fileRef = AF1304B48C4AF6F56612E403 /* ADRFlickrSearchResultsViewModel.m */; };
		AF130AB01D2429F22B3D6555 /* Assets.xcassets in Resources */ = {isa = PBXBuildFile; fileRef = AF130A47D5F3B0096809F347 /* Assets.xcassets */; };
		AF130AD590D25200404ABBCC /* ADRFlickrPhotoBuilder.m in Sources */ = {isa = PBXBuildFile; fileRef = AF1303922D68CEC9C35E7B78 /* ADRFlickrPhotoBuilder.m */; };
		AF130B9D3D1DE89E883E2939 /* main.m in Sources */ = {isa = PBXBuildFile; fileRef = AF130427DAA1A8A47FAF22FA /* main.m */; };
		AF130D21F75D3D41A97F282D /* ADRNetworkClient.m in Sources */ = {isa = PBXBuildFile; fileRef = AF130408FFF4B0DF767C77BA /* ADRNetworkClient.m */; };
		AF130D493A764EB7AF84E371 /* ADRFlickrPhotoResource.m in Sources */ = {isa = PBXBuildFile; fileRef = AF13045C5D2EF718D1404873 /* ADRFlickrPhotoResource.m */; };
		AF130D77DCE297CD9DF1847C /* AppDelegate.m in Sources */ = {isa = PBXBuildFile; fileRef = AF130A7A1C9563E8E936F274 /* AppDelegate.m */; };
		C8F5CA91F8B710FF780808FD /* libPods-FlickrSearch.a in Frameworks */ = {isa = PBXBuildFile; fileRef = B29FB08500D598CA30BB7E89 /* libPods-FlickrSearch.a */; };
		FA692F5036B60D0B02CEC5AA /* libPods-FlickrSearchTests.a in Frameworks */ = {isa = PBXBuildFile; fileRef = 383044A9C815D67B9DA62562 /* libPods-FlickrSearchTests.a */; };
/* End PBXBuildFile section */

/* Begin PBXContainerItemProxy section */
		AF130E5D744988DA243403B5 /* PBXContainerItemProxy */ = {
			isa = PBXContainerItemProxy;
			containerPortal = AF1309BC7A746B42A4437E14 /* Project object */;
			proxyType = 1;
			remoteGlobalIDString = AF1302927CE833A5FF51A50D;
			remoteInfo = FlickrSearch;
		};
/* End PBXContainerItemProxy section */

/* Begin PBXFileReference section */
		090813801DD3239C1D59DAFC /* Pods-FlickrSearch.release.xcconfig */ = {isa = PBXFileReference; includeInIndex = 1; lastKnownFileType = text.xcconfig; name = "Pods-FlickrSearch.release.xcconfig"; path = "Pods/Target Support Files/Pods-FlickrSearch/Pods-FlickrSearch.release.xcconfig"; sourceTree = "<group>"; };
		31B6F5C84642EDC1C4ECAC0E /* Pods-FlickrSearch.debug.xcconfig */ = {isa = PBXFileReference; includeInIndex = 1; lastKnownFileType = text.xcconfig; name = "Pods-FlickrSearch.debug.xcconfig"; path = "Pods/Target Support Files/Pods-FlickrSearch/Pods-FlickrSearch.debug.xcconfig"; sourceTree = "<group>"; };
		383044A9C815D67B9DA62562 /* libPods-FlickrSearchTests.a */ = {isa = PBXFileReference; explicitFileType = archive.ar; includeInIndex = 0; path = "libPods-FlickrSearchTests.a"; sourceTree = BUILT_PRODUCTS_DIR; };
		3BD12AF745AFF69BF28DB69A /* Pods-FlickrSearchTests.release.xcconfig */ = {isa = PBXFileReference; includeInIndex = 1; lastKnownFileType = text.xcconfig; name = "Pods-FlickrSearchTests.release.xcconfig"; path = "Pods/Target Support Files/Pods-FlickrSearchTests/Pods-FlickrSearchTests.release.xcconfig"; sourceTree = "<group>"; };
		9DEAA2B5A6A1DEF70A682E7F /* Pods-FlickrSearchTests.debug.xcconfig */ = {isa = PBXFileReference; includeInIndex = 1; lastKnownFileType = text.xcconfig; name = "Pods-FlickrSearchTests.debug.xcconfig"; path = "Pods/Target Support Files/Pods-FlickrSearchTests/Pods-FlickrSearchTests.debug.xcconfig"; sourceTree = "<group>"; };
		AF1300A84EB558B2FBD4999E /* ADRFlickrSearchLoadingCellViewModel.m */ = {isa = PBXFileReference; fileEncoding = 4; lastKnownFileType = sourcecode.c.objc; path = ADRFlickrSearchLoadingCellViewModel.m; sourceTree = "<group>"; };
		AF13011B757973D1361C457A /* ADRFlickrSearchViewModel.m */ = {isa = PBXFileReference; fileEncoding = 4; lastKnownFileType = sourcecode.c.objc; path = ADRFlickrSearchViewModel.m; sourceTree = "<group>"; };
		AF13016F0879E40433BB6D4A /* ADRFlickrSearchImageCellViewModel.m */ = {isa = PBXFileReference; fileEncoding = 4; lastKnownFileType = sourcecode.c.objc; path = ADRFlickrSearchImageCellViewModel.m; sourceTree = "<group>"; };
		AF1301BC49AD51586C89AC3F /* ADRFlickrSearchPhotoStorageDelegate.h */ = {isa = PBXFileReference; fileEncoding = 4; lastKnownFileType = sourcecode.c.h; path = ADRFlickrSearchPhotoStorageDelegate.h; sourceTree = "<group>"; };
		AF1302685EDF755C14FB7435 /* ADRFlickrPhoto.h */ = {isa = PBXFileReference; fileEncoding = 4; lastKnownFileType = sourcecode.c.h; path = ADRFlickrPhoto.h; sourceTree = "<group>"; };
		AF1302FCED23CBA6918562DA /* ADRFlickrSearchPhotoStorage.m */ = {isa = PBXFileReference; fileEncoding = 4; lastKnownFileType = sourcecode.c.objc; path = ADRFlickrSearchPhotoStorage.m; sourceTree = "<group>"; };
		AF130370111796C9256C9906 /* ADRFlickrPhotoResource.h */ = {isa = PBXFileReference; fileEncoding = 4; lastKnownFileType = sourcecode.c.h; path = ADRFlickrPhotoResource.h; sourceTree = "<group>"; };
		AF13038FA348D4DB1DFDA8A1 /* ADRSearchViewController.m */ = {isa = PBXFileReference; fileEncoding = 4; lastKnownFileType = sourcecode.c.objc; path = ADRSearchViewController.m; sourceTree = "<group>"; };
		AF1303922D68CEC9C35E7B78 /* ADRFlickrPhotoBuilder.m */ = {isa = PBXFileReference; fileEncoding = 4; lastKnownFileType = sourcecode.c.objc; path = ADRFlickrPhotoBuilder.m; sourceTree = "<group>"; };
		AF1303B24AE77D0EB5AB4DD7 /* ADRNetworkService.m */ = {isa = PBXFileReference; fileEncoding = 4; lastKnownFileType = sourcecode.c.objc; path = ADRNetworkService.m; sourceTree = "<group>"; };
		AF1303C0162E5420D83D4644 /* AppDelegate.h */ = {isa = PBXFileReference; lastKnownFileType = sourcecode.c.h; path = AppDelegate.h; sourceTree = "<group>"; };
		AF1303DC2DF852D5F71ADF74 /* ADRFlickrNetworkService.m */ = {isa = PBXFileReference; fileEncoding = 4; lastKnownFileType = sourcecode.c.objc; path = ADRFlickrNetworkService.m; sourceTree = "<group>"; };
		AF1303F5094D8085276F505F /* ADRFlickrSearchImageCellViewModel.h */ = {isa = PBXFileReference; fileEncoding = 4; lastKnownFileType = sourcecode.c.h; path = ADRFlickrSearchImageCellViewModel.h; sourceTree = "<group>"; };
		AF130408FFF4B0DF767C77BA /* ADRNetworkClient.m */ = {isa = PBXFileReference; fileEncoding = 4; lastKnownFileType = sourcecode.c.objc; path = ADRNetworkClient.m; sourceTree = "<group>"; };
		AF130427DAA1A8A47FAF22FA /* main.m */ = {isa = PBXFileReference; lastKnownFileType = sourcecode.c.objc; path = main.m; sourceTree = "<group>"; };
		AF13045C5D2EF718D1404873 /* ADRFlickrPhotoResource.m */ = {isa = PBXFileReference; fileEncoding = 4; lastKnownFileType = sourcecode.c.objc; path = ADRFlickrPhotoResource.m; sourceTree = "<group>"; };
		AF13049DF8981278ACC88FD5 /* ADRFlickrSearchHistoryViewModel.h */ = {isa = PBXFileReference; fileEncoding = 4; lastKnownFileType = sourcecode.c.h; path = ADRFlickrSearchHistoryViewModel.h; sourceTree = "<group>"; };
		AF1304B48C4AF6F56612E403 /* ADRFlickrSearchResultsViewModel.m */ = {isa = PBXFileReference; fileEncoding = 4; lastKnownFileType = sourcecode.c.objc; path = ADRFlickrSearchResultsViewModel.m; sourceTree = "<group>"; };
		AF1304BA86E2E5F9DD759D62 /* ADRSearchResultsViewController.m */ = {isa = PBXFileReference; fileEncoding = 4; lastKnownFileType = sourcecode.c.objc; path = ADRSearchResultsViewController.m; sourceTree = "<group>"; };
		AF1304EC0863C14B0623A788 /* Base */ = {isa = PBXFileReference; lastKnownFileType = file.storyboard; name = Base; path = Base.lproj/LaunchScreen.storyboard; sourceTree = "<group>"; };
		AF1304F33EC09D8A4D99062D /* Info.plist */ = {isa = PBXFileReference; lastKnownFileType = text.plist.info; path = Info.plist; sourceTree = "<group>"; };
		AF13063B3EA34F94766DD25E /* ADRFlickrSearchHistoryViewModel.m */ = {isa = PBXFileReference; fileEncoding = 4; lastKnownFileType = sourcecode.c.objc; path = ADRFlickrSearchHistoryViewModel.m; sourceTree = "<group>"; };
		AF1306F9524CCF05B8ED79CF /* ADRFlickrNetworkService.h */ = {isa = PBXFileReference; fileEncoding = 4; lastKnownFileType = sourcecode.c.h; path = ADRFlickrNetworkService.h; sourceTree = "<group>"; };
		AF1306FA09C487E89D164566 /* ADRFlickrSearchLoadingCellViewModel.h */ = {isa = PBXFileReference; fileEncoding = 4; lastKnownFileType = sourcecode.c.h; path = ADRFlickrSearchLoadingCellViewModel.h; sourceTree = "<group>"; };
		AF1307BDE1EE2DB8F6B81288 /* Info.plist */ = {isa = PBXFileReference; lastKnownFileType = text.plist.info; path = Info.plist; sourceTree = "<group>"; };
		AF1307EAFF343F3E9C6140B6 /* ADRNetworkClient.h */ = {isa = PBXFileReference; fileEncoding = 4; lastKnownFileType = sourcecode.c.h; path = ADRNetworkClient.h; sourceTree = "<group>"; };
		AF13097235D59CA1E4C8E877 /* ADRMockNetworkClientDelegate.h */ = {isa = PBXFileReference; fileEncoding = 4; lastKnownFileType = sourcecode.c.h; path = ADRMockNetworkClientDelegate.h; sourceTree = "<group>"; };
		AF130A47D5F3B0096809F347 /* Assets.xcassets */ = {isa = PBXFileReference; lastKnownFileType = folder.assetcatalog; path = Assets.xcassets; sourceTree = "<group>"; };
		AF130A7A1C9563E8E936F274 /* AppDelegate.m */ = {isa = PBXFileReference; lastKnownFileType = sourcecode.c.objc; path = AppDelegate.m; sourceTree = "<group>"; };
		AF130AB938809ADC87A725C4 /* ADRMockNetworkClient.h */ = {isa = PBXFileReference; fileEncoding = 4; lastKnownFileType = sourcecode.c.h; path = ADRMockNetworkClient.h; sourceTree = "<group>"; };
		AF130ADAACE9B6525B6D21B8 /* ADRSearchHistoryViewController.h */ = {isa = PBXFileReference; fileEncoding = 4; lastKnownFileType = sourcecode.c.h; path = ADRSearchHistoryViewController.h; sourceTree = "<group>"; };
		AF130AEFD0CC9EDC8C723FDA /* ADRNetworkService.h */ = {isa = PBXFileReference; fileEncoding = 4; lastKnownFileType = sourcecode.c.h; path = ADRNetworkService.h; sourceTree = "<group>"; };
		AF130B1B6D8FC4E9D01258EC /* ADRFlickrSearchResultsViewModel.h */ = {isa = PBXFileReference; fileEncoding = 4; lastKnownFileType = sourcecode.c.h; path = ADRFlickrSearchResultsViewModel.h; sourceTree = "<group>"; };
		AF130B2FC9F744B766E02751 /* FlickrSearchTests.m */ = {isa = PBXFileReference; lastKnownFileType = sourcecode.c.objc; path = FlickrSearchTests.m; sourceTree = "<group>"; };
		AF130BA07612FAFF52DF8FA1 /* ADRSearchViewController.h */ = {isa = PBXFileReference; fileEncoding = 4; lastKnownFileType = sourcecode.c.h; path = ADRSearchViewController.h; sourceTree = "<group>"; };
		AF130BB6C512A271E56FDD64 /* ADRFlickrPhotoResourceProtocol.h */ = {isa = PBXFileReference; fileEncoding = 4; lastKnownFileType = sourcecode.c.h; path = ADRFlickrPhotoResourceProtocol.h; sourceTree = "<group>"; };
		AF130BBB982BA011D6DF787E /* ADRMockNetworkClient.m */ = {isa = PBXFileReference; fileEncoding = 4; lastKnownFileType = sourcecode.c.objc; path = ADRMockNetworkClient.m; sourceTree = "<group>"; };
		AF130C88DFBE66B20343F0DC /* ADRNetworkClientProtocol.h */ = {isa = PBXFileReference; fileEncoding = 4; lastKnownFileType = sourcecode.c.h; path = ADRNetworkClientProtocol.h; sourceTree = "<group>"; };
		AF130CA3059EC202243016E9 /* FlickrSearchTests.xctest */ = {isa = PBXFileReference; explicitFileType = wrapper.cfbundle; includeInIndex = 0; path = FlickrSearchTests.xctest; sourceTree = BUILT_PRODUCTS_DIR; };
		AF130CE0FA58702B26F67532 /* ADRSearchResultsViewController.h */ = {isa = PBXFileReference; fileEncoding = 4; lastKnownFileType = sourcecode.c.h; path = ADRSearchResultsViewController.h; sourceTree = "<group>"; };
		AF130D4987147B06DAA5698D /* ADRNetworkResource.h */ = {isa = PBXFileReference; fileEncoding = 4; lastKnownFileType = sourcecode.c.h; path = ADRNetworkResource.h; sourceTree = "<group>"; };
		AF130DACECB0109566874518 /* ADRNetworkResource.m */ = {isa = PBXFileReference; fileEncoding = 4; lastKnownFileType = sourcecode.c.objc; path = ADRNetworkResource.m; sourceTree = "<group>"; };
		AF130DD98E46FF3079339D4E /* ADRSearchHistoryViewController.m */ = {isa = PBXFileReference; fileEncoding = 4; lastKnownFileType = sourcecode.c.objc; path = ADRSearchHistoryViewController.m; sourceTree = "<group>"; };
		AF130E04175134524936B318 /* ADRFlickrPhoto.m */ = {isa = PBXFileReference; fileEncoding = 4; lastKnownFileType = sourcecode.c.objc; path = ADRFlickrPhoto.m; sourceTree = "<group>"; };
		AF130E317CB7D34C20BA279F /* FlickrSearch.app */ = {isa = PBXFileReference; explicitFileType = wrapper.application; includeInIndex = 0; path = FlickrSearch.app; sourceTree = BUILT_PRODUCTS_DIR; };
		AF130EE8608A5BCDF8552689 /* ADRFlickrSearchPhotoStorage.h */ = {isa = PBXFileReference; fileEncoding = 4; lastKnownFileType = sourcecode.c.h; path = ADRFlickrSearchPhotoStorage.h; sourceTree = "<group>"; };
		AF130EFA07C75E002CEB713D /* ADRFlickrPhotoBuilder.h */ = {isa = PBXFileReference; fileEncoding = 4; lastKnownFileType = sourcecode.c.h; path = ADRFlickrPhotoBuilder.h; sourceTree = "<group>"; };
		AF130F66560892A09B45F0D0 /* ADRFlickrSearchViewModel.h */ = {isa = PBXFileReference; fileEncoding = 4; lastKnownFileType = sourcecode.c.h; path = ADRFlickrSearchViewModel.h; sourceTree = "<group>"; };
		B29FB08500D598CA30BB7E89 /* libPods-FlickrSearch.a */ = {isa = PBXFileReference; explicitFileType = archive.ar; includeInIndex = 0; path = "libPods-FlickrSearch.a"; sourceTree = BUILT_PRODUCTS_DIR; };
/* End PBXFileReference section */

/* Begin PBXFrameworksBuildPhase section */
		AF130E54F95C0C56BA6A19FF /* Frameworks */ = {
			isa = PBXFrameworksBuildPhase;
			buildActionMask = 2147483647;
			files = (
				C8F5CA91F8B710FF780808FD /* libPods-FlickrSearch.a in Frameworks */,
			);
			runOnlyForDeploymentPostprocessing = 0;
		};
		AF130E6BCAAFC55E3E4C0C70 /* Frameworks */ = {
			isa = PBXFrameworksBuildPhase;
			buildActionMask = 2147483647;
			files = (
				FA692F5036B60D0B02CEC5AA /* libPods-FlickrSearchTests.a in Frameworks */,
			);
			runOnlyForDeploymentPostprocessing = 0;
		};
/* End PBXFrameworksBuildPhase section */

/* Begin PBXGroup section */
		423D2660D962B3A5C72E37CF /* Frameworks */ = {
			isa = PBXGroup;
			children = (
				B29FB08500D598CA30BB7E89 /* libPods-FlickrSearch.a */,
				383044A9C815D67B9DA62562 /* libPods-FlickrSearchTests.a */,
			);
			name = Frameworks;
			sourceTree = "<group>";
		};
		AF130251CE1262267D07D890 /* SearchHistoryScreenViewModels */ = {
			isa = PBXGroup;
			children = (
				AF13063B3EA34F94766DD25E /* ADRFlickrSearchHistoryViewModel.m */,
				AF13049DF8981278ACC88FD5 /* ADRFlickrSearchHistoryViewModel.h */,
			);
			path = SearchHistoryScreenViewModels;
			sourceTree = "<group>";
		};
		AF13031FF82D13784C2DAB59 /* SearchScreenViewModels */ = {
			isa = PBXGroup;
			children = (
				AF13011B757973D1361C457A /* ADRFlickrSearchViewModel.m */,
				AF130F66560892A09B45F0D0 /* ADRFlickrSearchViewModel.h */,
			);
			path = SearchScreenViewModels;
			sourceTree = "<group>";
		};
		AF13039556EDE9847BA4E749 /* Products */ = {
			isa = PBXGroup;
			children = (
				AF130E317CB7D34C20BA279F /* FlickrSearch.app */,
				AF130CA3059EC202243016E9 /* FlickrSearchTests.xctest */,
			);
			name = Products;
			sourceTree = "<group>";
		};
		AF1304DEA143175867BEF43D /* SearchScreen */ = {
			isa = PBXGroup;
			children = (
				AF130BA07612FAFF52DF8FA1 /* ADRSearchViewController.h */,
				AF13038FA348D4DB1DFDA8A1 /* ADRSearchViewController.m */,
			);
			path = SearchScreen;
			sourceTree = "<group>";
		};
		AF13069F92D7293E52AC3E75 /* FlickrSearch */ = {
			isa = PBXGroup;
			children = (
				AF1304F33EC09D8A4D99062D /* Info.plist */,
				AF130A47D5F3B0096809F347 /* Assets.xcassets */,
				AF13092CFD8EDBE7E9420A36 /* LaunchScreen.storyboard */,
				AF130F60F0E30EEA2B5CA6AF /* Supporting Files */,
				AF1303C0162E5420D83D4644 /* AppDelegate.h */,
				AF130A7A1C9563E8E936F274 /* AppDelegate.m */,
				AF130D03B5E2412D031983EA /* Networking */,
				AF130BE07B9BABBBD6F09F22 /* Logic */,
				AF130D4A82AC99C2F2717B3C /* UI */,
				AF1308A2BDE02860AFCDBA3B /* Model */,
			);
			path = FlickrSearch;
			sourceTree = "<group>";
		};
		AF1307A6FCF03E078772EFE9 /* SearchResultsScreenViewModels */ = {
			isa = PBXGroup;
			children = (
				AF1304B48C4AF6F56612E403 /* ADRFlickrSearchResultsViewModel.m */,
				AF130B1B6D8FC4E9D01258EC /* ADRFlickrSearchResultsViewModel.h */,
				AF13016F0879E40433BB6D4A /* ADRFlickrSearchImageCellViewModel.m */,
				AF1303F5094D8085276F505F /* ADRFlickrSearchImageCellViewModel.h */,
				AF1300A84EB558B2FBD4999E /* ADRFlickrSearchLoadingCellViewModel.m */,
				AF1306FA09C487E89D164566 /* ADRFlickrSearchLoadingCellViewModel.h */,
			);
			path = SearchResultsScreenViewModels;
			sourceTree = "<group>";
		};
		AF1307AEB9FD883D76E9E7A1 /* ViewModels */ = {
			isa = PBXGroup;
			children = (
				AF130251CE1262267D07D890 /* SearchHistoryScreenViewModels */,
				AF1307A6FCF03E078772EFE9 /* SearchResultsScreenViewModels */,
				AF13031FF82D13784C2DAB59 /* SearchScreenViewModels */,
			);
			path = ViewModels;
			sourceTree = "<group>";
		};
		AF1308A2BDE02860AFCDBA3B /* Model */ = {
			isa = PBXGroup;
			children = (
				AF130E04175134524936B318 /* ADRFlickrPhoto.m */,
				AF1302685EDF755C14FB7435 /* ADRFlickrPhoto.h */,
				AF1303922D68CEC9C35E7B78 /* ADRFlickrPhotoBuilder.m */,
				AF130EFA07C75E002CEB713D /* ADRFlickrPhotoBuilder.h */,
			);
			path = Model;
			sourceTree = "<group>";
		};
		AF1308C1115DCDFAE55799B6 /* Flickr */ = {
			isa = PBXGroup;
			children = (
				AF1303DC2DF852D5F71ADF74 /* ADRFlickrNetworkService.m */,
				AF1306F9524CCF05B8ED79CF /* ADRFlickrNetworkService.h */,
				AF13045C5D2EF718D1404873 /* ADRFlickrPhotoResource.m */,
				AF130370111796C9256C9906 /* ADRFlickrPhotoResource.h */,
				AF130BB6C512A271E56FDD64 /* ADRFlickrPhotoResourceProtocol.h */,
			);
			path = Flickr;
			sourceTree = "<group>";
		};
		AF1309BB5D9E59F6395BEE53 /* Service */ = {
			isa = PBXGroup;
			children = (
				AF130AEFD0CC9EDC8C723FDA /* ADRNetworkService.h */,
				AF1303B24AE77D0EB5AB4DD7 /* ADRNetworkService.m */,
				AF130D4987147B06DAA5698D /* ADRNetworkResource.h */,
				AF130DACECB0109566874518 /* ADRNetworkResource.m */,
			);
			path = Service;
			sourceTree = "<group>";
		};
		AF130B275D6B9EF4B738073C /* PhotoStorage */ = {
			isa = PBXGroup;
			children = (
				AF1302FCED23CBA6918562DA /* ADRFlickrSearchPhotoStorage.m */,
				AF130EE8608A5BCDF8552689 /* ADRFlickrSearchPhotoStorage.h */,
				AF1301BC49AD51586C89AC3F /* ADRFlickrSearchPhotoStorageDelegate.h */,
			);
			path = PhotoStorage;
			sourceTree = "<group>";
		};
		AF130B37CE4CB09CCD6C04E9 /* SearchHistoryScreen */ = {
			isa = PBXGroup;
			children = (
				AF130ADAACE9B6525B6D21B8 /* ADRSearchHistoryViewController.h */,
				AF130DD98E46FF3079339D4E /* ADRSearchHistoryViewController.m */,
			);
			path = SearchHistoryScreen;
			sourceTree = "<group>";
		};
		AF130BE07B9BABBBD6F09F22 /* Logic */ = {
			isa = PBXGroup;
			children = (
				AF1307AEB9FD883D76E9E7A1 /* ViewModels */,
				AF130B275D6B9EF4B738073C /* PhotoStorage */,
			);
			path = Logic;
			sourceTree = "<group>";
		};
		AF130C2890412B7694E71C5B /* SearchResultsScreen */ = {
			isa = PBXGroup;
			children = (
				AF130CE0FA58702B26F67532 /* ADRSearchResultsViewController.h */,
				AF1304BA86E2E5F9DD759D62 /* ADRSearchResultsViewController.m */,
			);
			path = SearchResultsScreen;
			sourceTree = "<group>";
		};
		AF130CA4A4B1A19A9CEA09A7 /* Core */ = {
			isa = PBXGroup;
			children = (
				AF130AB938809ADC87A725C4 /* ADRMockNetworkClient.h */,
				AF130BBB982BA011D6DF787E /* ADRMockNetworkClient.m */,
				AF13097235D59CA1E4C8E877 /* ADRMockNetworkClientDelegate.h */,
				AF1307EAFF343F3E9C6140B6 /* ADRNetworkClient.h */,
				AF130408FFF4B0DF767C77BA /* ADRNetworkClient.m */,
				AF130C88DFBE66B20343F0DC /* ADRNetworkClientProtocol.h */,
				AF1309BB5D9E59F6395BEE53 /* Service */,
			);
			path = Core;
			sourceTree = "<group>";
		};
		AF130CC972A0C5FACBE037EE /* FlickrSearchTests */ = {
			isa = PBXGroup;
			children = (
				AF1307BDE1EE2DB8F6B81288 /* Info.plist */,
				AF130B2FC9F744B766E02751 /* FlickrSearchTests.m */,
			);
			path = FlickrSearchTests;
			sourceTree = "<group>";
		};
		AF130D03B5E2412D031983EA /* Networking */ = {
			isa = PBXGroup;
			children = (
				AF130CA4A4B1A19A9CEA09A7 /* Core */,
				AF1308C1115DCDFAE55799B6 /* Flickr */,
			);
			path = Networking;
			sourceTree = "<group>";
		};
		AF130D4A82AC99C2F2717B3C /* UI */ = {
			isa = PBXGroup;
			children = (
				AF1304DEA143175867BEF43D /* SearchScreen */,
				AF130C2890412B7694E71C5B /* SearchResultsScreen */,
				AF130B37CE4CB09CCD6C04E9 /* SearchHistoryScreen */,
			);
			path = UI;
			sourceTree = "<group>";
		};
		AF130DA68A7B503E652152DC = {
			isa = PBXGroup;
			children = (
				AF13039556EDE9847BA4E749 /* Products */,
				AF13069F92D7293E52AC3E75 /* FlickrSearch */,
				AF130CC972A0C5FACBE037EE /* FlickrSearchTests */,
				EE4AFB2A2B0FCD40178E778A /* Pods */,
				423D2660D962B3A5C72E37CF /* Frameworks */,
			);
			sourceTree = "<group>";
		};
		AF130F60F0E30EEA2B5CA6AF /* Supporting Files */ = {
			isa = PBXGroup;
			children = (
				AF130427DAA1A8A47FAF22FA /* main.m */,
			);
			name = "Supporting Files";
			sourceTree = "<group>";
		};
		EE4AFB2A2B0FCD40178E778A /* Pods */ = {
			isa = PBXGroup;
			children = (
				31B6F5C84642EDC1C4ECAC0E /* Pods-FlickrSearch.debug.xcconfig */,
				090813801DD3239C1D59DAFC /* Pods-FlickrSearch.release.xcconfig */,
				9DEAA2B5A6A1DEF70A682E7F /* Pods-FlickrSearchTests.debug.xcconfig */,
				3BD12AF745AFF69BF28DB69A /* Pods-FlickrSearchTests.release.xcconfig */,
			);
			name = Pods;
			sourceTree = "<group>";
		};
/* End PBXGroup section */

/* Begin PBXNativeTarget section */
		AF1302927CE833A5FF51A50D /* FlickrSearch */ = {
			isa = PBXNativeTarget;
			buildConfigurationList = AF1302FAA7CC21C9D1145C8A /* Build configuration list for PBXNativeTarget "FlickrSearch" */;
			buildPhases = (
				88DD6E83E8DE89E919CBC19D /* Check Pods Manifest.lock */,
				AF1302C19AD24452AF1A330D /* Sources */,
				AF130E54F95C0C56BA6A19FF /* Frameworks */,
				AF1308767BA0741C1D929921 /* Resources */,
				422F2204F2F5169312FE66DA /* Embed Pods Frameworks */,
				E8A9E1AE98CA6000B1AF3907 /* Copy Pods Resources */,
			);
			buildRules = (
			);
			dependencies = (
			);
			name = FlickrSearch;
			productName = FlickrSearch;
			productReference = AF130E317CB7D34C20BA279F /* FlickrSearch.app */;
			productType = "com.apple.product-type.application";
		};
		AF130410122B285B1F0CE545 /* FlickrSearchTests */ = {
			isa = PBXNativeTarget;
			buildConfigurationList = AF1308A30401803CDA1878F3 /* Build configuration list for PBXNativeTarget "FlickrSearchTests" */;
			buildPhases = (
				0AF2132A2E5B271BA81CB8EE /* Check Pods Manifest.lock */,
				AF130101EB7D626C2EC9B3F4 /* Sources */,
				AF130E6BCAAFC55E3E4C0C70 /* Frameworks */,
				AF130C3704A65603F3D02A73 /* Resources */,
				E616AF22FFE0FD64CF5B78F7 /* Embed Pods Frameworks */,
				8B5F639A13BD8FCFF4051D3B /* Copy Pods Resources */,
			);
			buildRules = (
			);
			dependencies = (
				AF1304AC758B59A3CA8AE2E4 /* PBXTargetDependency */,
			);
			name = FlickrSearchTests;
			productName = FlickrSearchTests;
			productReference = AF130CA3059EC202243016E9 /* FlickrSearchTests.xctest */;
			productType = "com.apple.product-type.bundle.unit-test";
		};
/* End PBXNativeTarget section */

/* Begin PBXProject section */
		AF1309BC7A746B42A4437E14 /* Project object */ = {
			isa = PBXProject;
			attributes = {
				ORGANIZATIONNAME = "Dmitrii Aitov";
			};
			buildConfigurationList = AF1302EB3212104E9731D286 /* Build configuration list for PBXProject "FlickrSearch" */;
			compatibilityVersion = "Xcode 3.2";
			developmentRegion = English;
			hasScannedForEncodings = 0;
			knownRegions = (
				en,
			);
			mainGroup = AF130DA68A7B503E652152DC;
			productRefGroup = AF13039556EDE9847BA4E749 /* Products */;
			projectDirPath = "";
			projectReferences = (
			);
			projectRoot = "";
			targets = (
				AF1302927CE833A5FF51A50D /* FlickrSearch */,
				AF130410122B285B1F0CE545 /* FlickrSearchTests */,
			);
		};
/* End PBXProject section */

/* Begin PBXResourcesBuildPhase section */
		AF1308767BA0741C1D929921 /* Resources */ = {
			isa = PBXResourcesBuildPhase;
			buildActionMask = 2147483647;
			files = (
				AF1306BF4996845315F998F9 /* Info.plist in Resources */,
				AF130AB01D2429F22B3D6555 /* Assets.xcassets in Resources */,
				AF1302A4478C78325E7E1BCB /* LaunchScreen.storyboard in Resources */,
			);
			runOnlyForDeploymentPostprocessing = 0;
		};
		AF130C3704A65603F3D02A73 /* Resources */ = {
			isa = PBXResourcesBuildPhase;
			buildActionMask = 2147483647;
			files = (
				AF1308B9A46729EE1C68EE95 /* Info.plist in Resources */,
			);
			runOnlyForDeploymentPostprocessing = 0;
		};
/* End PBXResourcesBuildPhase section */

/* Begin PBXShellScriptBuildPhase section */
		0AF2132A2E5B271BA81CB8EE /* Check Pods Manifest.lock */ = {
			isa = PBXShellScriptBuildPhase;
			buildActionMask = 2147483647;
			files = (
			);
			inputPaths = (
			);
			name = "Check Pods Manifest.lock";
			outputPaths = (
			);
			runOnlyForDeploymentPostprocessing = 0;
			shellPath = /bin/sh;
			shellScript = "diff \"${PODS_ROOT}/../Podfile.lock\" \"${PODS_ROOT}/Manifest.lock\" > /dev/null\nif [[ $? != 0 ]] ; then\n    cat << EOM\nerror: The sandbox is not in sync with the Podfile.lock. Run 'pod install' or update your CocoaPods installation.\nEOM\n    exit 1\nfi\n";
			showEnvVarsInLog = 0;
		};
		422F2204F2F5169312FE66DA /* Embed Pods Frameworks */ = {
			isa = PBXShellScriptBuildPhase;
			buildActionMask = 2147483647;
			files = (
			);
			inputPaths = (
			);
			name = "Embed Pods Frameworks";
			outputPaths = (
			);
			runOnlyForDeploymentPostprocessing = 0;
			shellPath = /bin/sh;
			shellScript = "\"${SRCROOT}/Pods/Target Support Files/Pods-FlickrSearch/Pods-FlickrSearch-frameworks.sh\"\n";
			showEnvVarsInLog = 0;
		};
		88DD6E83E8DE89E919CBC19D /* Check Pods Manifest.lock */ = {
			isa = PBXShellScriptBuildPhase;
			buildActionMask = 2147483647;
			files = (
			);
			inputPaths = (
			);
			name = "Check Pods Manifest.lock";
			outputPaths = (
			);
			runOnlyForDeploymentPostprocessing = 0;
			shellPath = /bin/sh;
			shellScript = "diff \"${PODS_ROOT}/../Podfile.lock\" \"${PODS_ROOT}/Manifest.lock\" > /dev/null\nif [[ $? != 0 ]] ; then\n    cat << EOM\nerror: The sandbox is not in sync with the Podfile.lock. Run 'pod install' or update your CocoaPods installation.\nEOM\n    exit 1\nfi\n";
			showEnvVarsInLog = 0;
		};
		8B5F639A13BD8FCFF4051D3B /* Copy Pods Resources */ = {
			isa = PBXShellScriptBuildPhase;
			buildActionMask = 2147483647;
			files = (
			);
			inputPaths = (
			);
			name = "Copy Pods Resources";
			outputPaths = (
			);
			runOnlyForDeploymentPostprocessing = 0;
			shellPath = /bin/sh;
			shellScript = "\"${SRCROOT}/Pods/Target Support Files/Pods-FlickrSearchTests/Pods-FlickrSearchTests-resources.sh\"\n";
			showEnvVarsInLog = 0;
		};
		E616AF22FFE0FD64CF5B78F7 /* Embed Pods Frameworks */ = {
			isa = PBXShellScriptBuildPhase;
			buildActionMask = 2147483647;
			files = (
			);
			inputPaths = (
			);
			name = "Embed Pods Frameworks";
			outputPaths = (
			);
			runOnlyForDeploymentPostprocessing = 0;
			shellPath = /bin/sh;
			shellScript = "\"${SRCROOT}/Pods/Target Support Files/Pods-FlickrSearchTests/Pods-FlickrSearchTests-frameworks.sh\"\n";
			showEnvVarsInLog = 0;
		};
		E8A9E1AE98CA6000B1AF3907 /* Copy Pods Resources */ = {
			isa = PBXShellScriptBuildPhase;
			buildActionMask = 2147483647;
			files = (
			);
			inputPaths = (
			);
			name = "Copy Pods Resources";
			outputPaths = (
			);
			runOnlyForDeploymentPostprocessing = 0;
			shellPath = /bin/sh;
			shellScript = "\"${SRCROOT}/Pods/Target Support Files/Pods-FlickrSearch/Pods-FlickrSearch-resources.sh\"\n";
			showEnvVarsInLog = 0;
		};
/* End PBXShellScriptBuildPhase section */

/* Begin PBXSourcesBuildPhase section */
		AF130101EB7D626C2EC9B3F4 /* Sources */ = {
			isa = PBXSourcesBuildPhase;
			buildActionMask = 2147483647;
			files = (
				AF130921069C6E9400F878B8 /* FlickrSearchTests.m in Sources */,
			);
			runOnlyForDeploymentPostprocessing = 0;
		};
		AF1302C19AD24452AF1A330D /* Sources */ = {
			isa = PBXSourcesBuildPhase;
			buildActionMask = 2147483647;
			files = (
				AF130B9D3D1DE89E883E2939 /* main.m in Sources */,
				AF130D77DCE297CD9DF1847C /* AppDelegate.m in Sources */,
				AF1302AE3D03E46EB38022B7 /* ADRMockNetworkClient.m in Sources */,
				AF130D21F75D3D41A97F282D /* ADRNetworkClient.m in Sources */,
				AF13039232A33513F7E269AA /* ADRNetworkService.m in Sources */,
				AF1302969C389C0E575E8EA4 /* ADRNetworkResource.m in Sources */,
				AF13054928BE530A8A51C08E /* ADRFlickrNetworkService.m in Sources */,
				AF130D493A764EB7AF84E371 /* ADRFlickrPhotoResource.m in Sources */,
				AF1306C5F5B5A82C424F142A /* ADRSearchViewController.m in Sources */,
				AF1308504427103E7409B162 /* ADRSearchHistoryViewController.m in Sources */,
				AF130322BDE475038DEA2E87 /* ADRSearchResultsViewController.m in Sources */,
				AF130479446D2010C414DCED /* ADRFlickrSearchHistoryViewModel.m in Sources */,
				AF1309FE08F8DBA7F0FD51E4 /* ADRFlickrSearchResultsViewModel.m in Sources */,
				AF13041856FE9C14C73FA2F2 /* ADRFlickrSearchViewModel.m in Sources */,
				AF130773B88B07A68E649C90 /* ADRFlickrSearchImageCellViewModel.m in Sources */,
				AF130383D597E9F850C4E4C4 /* ADRFlickrSearchLoadingCellViewModel.m in Sources */,
				AF13037D48B658B95917F355 /* ADRFlickrSearchPhotoStorage.m in Sources */,
				AF13068A46AAEE8E23F617AA /* ADRFlickrPhoto.m in Sources */,
				AF130AD590D25200404ABBCC /* ADRFlickrPhotoBuilder.m in Sources */,
			);
			runOnlyForDeploymentPostprocessing = 0;
		};
/* End PBXSourcesBuildPhase section */

/* Begin PBXTargetDependency section */
		AF1304AC758B59A3CA8AE2E4 /* PBXTargetDependency */ = {
			isa = PBXTargetDependency;
			target = AF1302927CE833A5FF51A50D /* FlickrSearch */;
			targetProxy = AF130E5D744988DA243403B5 /* PBXContainerItemProxy */;
		};
/* End PBXTargetDependency section */

/* Begin PBXVariantGroup section */
		AF13092CFD8EDBE7E9420A36 /* LaunchScreen.storyboard */ = {
			isa = PBXVariantGroup;
			children = (
				AF1304EC0863C14B0623A788 /* Base */,
			);
			name = LaunchScreen.storyboard;
			sourceTree = "<group>";
		};
/* End PBXVariantGroup section */

/* Begin XCBuildConfiguration section */
		AF13021E114222B529279006 /* Debug */ = {
			isa = XCBuildConfiguration;
			buildSettings = {
				ALWAYS_SEARCH_USER_PATHS = NO;
				CLANG_ANALYZER_NONNULL = YES;
				CLANG_CXX_LANGUAGE_STANDARD = "gnu++0x";
				CLANG_CXX_LIBRARY = "libc++";
				CLANG_ENABLE_MODULES = YES;
				CLANG_ENABLE_OBJC_ARC = YES;
				CLANG_WARN_BOOL_CONVERSION = YES;
				CLANG_WARN_CONSTANT_CONVERSION = YES;
				CLANG_WARN_DIRECT_OBJC_ISA_USAGE = YES_ERROR;
				CLANG_WARN_DOCUMENTATION_COMMENTS = YES;
				CLANG_WARN_EMPTY_BODY = YES;
				CLANG_WARN_ENUM_CONVERSION = YES;
				CLANG_WARN_INFINITE_RECURSION = YES;
				CLANG_WARN_INT_CONVERSION = YES;
				CLANG_WARN_OBJC_ROOT_CLASS = YES_ERROR;
				CLANG_WARN_SUSPICIOUS_MOVES = YES;
				CLANG_WARN_UNREACHABLE_CODE = YES;
				CLANG_WARN__DUPLICATE_METHOD_MATCH = YES;
				"CODE_SIGN_IDENTITY[sdk=iphoneos*]" = "iPhone Developer";
				COPY_PHASE_STRIP = NO;
				DEBUG_INFORMATION_FORMAT = dwarf;
				ENABLE_STRICT_OBJC_MSGSEND = YES;
				ENABLE_TESTABILITY = YES;
				GCC_C_LANGUAGE_STANDARD = gnu99;
				GCC_DYNAMIC_NO_PIC = NO;
				GCC_NO_COMMON_BLOCKS = YES;
				GCC_OPTIMIZATION_LEVEL = 0;
				GCC_PREPROCESSOR_DEFINITIONS = (
					"DEBUG=1",
					"$(inherited)",
				);
				GCC_WARN_64_TO_32_BIT_CONVERSION = YES;
				GCC_WARN_ABOUT_RETURN_TYPE = YES_ERROR;
				GCC_WARN_UNDECLARED_SELECTOR = YES;
				GCC_WARN_UNINITIALIZED_AUTOS = YES_AGGRESSIVE;
				GCC_WARN_UNUSED_FUNCTION = YES;
				GCC_WARN_UNUSED_VARIABLE = YES;
				IPHONEOS_DEPLOYMENT_TARGET = 10.0;
				MTL_ENABLE_DEBUG_INFO = YES;
				ONLY_ACTIVE_ARCH = YES;
				SDKROOT = iphoneos;
			};
			name = Debug;
		};
		AF130402610DE6434E9531E4 /* Release */ = {
			isa = XCBuildConfiguration;
			baseConfigurationReference = 090813801DD3239C1D59DAFC /* Pods-FlickrSearch.release.xcconfig */;
			buildSettings = {
				ASSETCATALOG_COMPILER_APPICON_NAME = AppIcon;
				INFOPLIST_FILE = FlickrSearch/Info.plist;
				LD_RUNPATH_SEARCH_PATHS = "$(inherited) @executable_path/Frameworks";
				PRODUCT_BUNDLE_IDENTIFIER = ru.cocoatouch.FlickrSearch;
				PRODUCT_NAME = "$(TARGET_NAME)";
				USER_HEADER_SEARCH_PATHS = "\"${PROJECT_DIR}/Pods\"/**";
			};
			name = Release;
		};
		AF130694F293DB867F90D9D2 /* Debug */ = {
			isa = XCBuildConfiguration;
			baseConfigurationReference = 9DEAA2B5A6A1DEF70A682E7F /* Pods-FlickrSearchTests.debug.xcconfig */;
			buildSettings = {
				BUNDLE_LOADER = "$(BUILT_PRODUCTS_DIR)/FlickrSearch.app/FlickrSearch";
				INFOPLIST_FILE = FlickrSearchTests/Info.plist;
				LD_RUNPATH_SEARCH_PATHS = "$(inherited) @executable_path/Frameworks @loader_path/Frameworks";
				PRODUCT_BUNDLE_IDENTIFIER = ru.cocoatouch.FlickrSearchTests;
				PRODUCT_NAME = "$(TARGET_NAME)";
				TEST_HOST = "$(BUNDLE_LOADER)";
			};
			name = Debug;
		};
		AF130D363AD85297C611DE13 /* Release */ = {
			isa = XCBuildConfiguration;
			buildSettings = {
				ALWAYS_SEARCH_USER_PATHS = NO;
				CLANG_ANALYZER_NONNULL = YES;
				CLANG_CXX_LANGUAGE_STANDARD = "gnu++0x";
				CLANG_CXX_LIBRARY = "libc++";
				CLANG_ENABLE_MODULES = YES;
				CLANG_ENABLE_OBJC_ARC = YES;
				CLANG_WARN_BOOL_CONVERSION = YES;
				CLANG_WARN_CONSTANT_CONVERSION = YES;
				CLANG_WARN_DIRECT_OBJC_ISA_USAGE = YES_ERROR;
				CLANG_WARN_DOCUMENTATION_COMMENTS = YES;
				CLANG_WARN_EMPTY_BODY = YES;
				CLANG_WARN_ENUM_CONVERSION = YES;
				CLANG_WARN_INFINITE_RECURSION = YES;
				CLANG_WARN_INT_CONVERSION = YES;
				CLANG_WARN_OBJC_ROOT_CLASS = YES_ERROR;
				CLANG_WARN_SUSPICIOUS_MOVES = YES;
				CLANG_WARN_UNREACHABLE_CODE = YES;
				CLANG_WARN__DUPLICATE_METHOD_MATCH = YES;
				"CODE_SIGN_IDENTITY[sdk=iphoneos*]" = "iPhone Developer";
				COPY_PHASE_STRIP = NO;
				DEBUG_INFORMATION_FORMAT = "dwarf-with-dsym";
				ENABLE_NS_ASSERTIONS = NO;
				ENABLE_STRICT_OBJC_MSGSEND = YES;
				GCC_C_LANGUAGE_STANDARD = gnu99;
				GCC_NO_COMMON_BLOCKS = YES;
				GCC_WARN_64_TO_32_BIT_CONVERSION = YES;
				GCC_WARN_ABOUT_RETURN_TYPE = YES_ERROR;
				GCC_WARN_UNDECLARED_SELECTOR = YES;
				GCC_WARN_UNINITIALIZED_AUTOS = YES_AGGRESSIVE;
				GCC_WARN_UNUSED_FUNCTION = YES;
				GCC_WARN_UNUSED_VARIABLE = YES;
				IPHONEOS_DEPLOYMENT_TARGET = 10.0;
				MTL_ENABLE_DEBUG_INFO = NO;
				SDKROOT = iphoneos;
				VALIDATE_PRODUCT = YES;
			};
			name = Release;
		};
		AF130DA4465B4FFB39B95122 /* Release */ = {
			isa = XCBuildConfiguration;
			baseConfigurationReference = 3BD12AF745AFF69BF28DB69A /* Pods-FlickrSearchTests.release.xcconfig */;
			buildSettings = {
				BUNDLE_LOADER = "$(BUILT_PRODUCTS_DIR)/FlickrSearch.app/FlickrSearch";
				INFOPLIST_FILE = FlickrSearchTests/Info.plist;
				LD_RUNPATH_SEARCH_PATHS = "$(inherited) @executable_path/Frameworks @loader_path/Frameworks";
				PRODUCT_BUNDLE_IDENTIFIER = ru.cocoatouch.FlickrSearchTests;
				PRODUCT_NAME = "$(TARGET_NAME)";
				TEST_HOST = "$(BUNDLE_LOADER)";
			};
			name = Release;
		};
		AF130DF9E5F49377E48D7990 /* Debug */ = {
			isa = XCBuildConfiguration;
			baseConfigurationReference = 31B6F5C84642EDC1C4ECAC0E /* Pods-FlickrSearch.debug.xcconfig */;
			buildSettings = {
				ASSETCATALOG_COMPILER_APPICON_NAME = AppIcon;
				INFOPLIST_FILE = FlickrSearch/Info.plist;
				LD_RUNPATH_SEARCH_PATHS = "$(inherited) @executable_path/Frameworks";
				PRODUCT_BUNDLE_IDENTIFIER = ru.cocoatouch.FlickrSearch;
				PRODUCT_NAME = "$(TARGET_NAME)";
				USER_HEADER_SEARCH_PATHS = "\"${PROJECT_DIR}/Pods\"/**";
			};
			name = Debug;
		};
/* End XCBuildConfiguration section */

/* Begin XCConfigurationList section */
		AF1302EB3212104E9731D286 /* Build configuration list for PBXProject "FlickrSearch" */ = {
			isa = XCConfigurationList;
			buildConfigurations = (
				AF13021E114222B529279006 /* Debug */,
				AF130D363AD85297C611DE13 /* Release */,
			);
			defaultConfigurationIsVisible = 0;
			defaultConfigurationName = Release;
		};
		AF1302FAA7CC21C9D1145C8A /* Build configuration list for PBXNativeTarget "FlickrSearch" */ = {
			isa = XCConfigurationList;
			buildConfigurations = (
				AF130DF9E5F49377E48D7990 /* Debug */,
				AF130402610DE6434E9531E4 /* Release */,
			);
			defaultConfigurationIsVisible = 0;
		};
		AF1308A30401803CDA1878F3 /* Build configuration list for PBXNativeTarget "FlickrSearchTests" */ = {
			isa = XCConfigurationList;
			buildConfigurations = (
				AF130694F293DB867F90D9D2 /* Debug */,
				AF130DA4465B4FFB39B95122 /* Release */,
			);
			defaultConfigurationIsVisible = 0;
		};
/* End XCConfigurationList section */
	};
	rootObject = AF1309BC7A746B42A4437E14 /* Project object */;
}
